
Microsoft Visual Studio Solution File, Format Version 12.00
# Visual Studio Version 17
VisualStudioVersion = 17.11.35312.102
MinimumVisualStudioVersion = 10.0.40219.1
Project("{FAE04EC0-301F-11D3-BF4B-00C04F79EFBC}") = "AnimalMatchingGame", "AnimalMatchingGame\AnimalMatchingGame.csproj", "{28D067CB-5B92-41B9-B4F5-E05A731E4168}"
EndProject
Global
	GlobalSection(SolutionConfigurationPlatforms) = preSolution
		Debug|Any CPU = Debug|Any CPU
		Release|Any CPU = Release|Any CPU
	EndGlobalSection
	GlobalSection(ProjectConfigurationPlatforms) = postSolution
		{28D067CB-5B92-41B9-B4F5-E05A731E4168}.Debug|Any CPU.ActiveCfg = Debug|Any CPU
		{28D067CB-5B92-41B9-B4F5-E05A731E4168}.Debug|Any CPU.Build.0 = Debug|Any CPU
		{28D067CB-5B92-41B9-B4F5-E05A731E4168}.Debug|Any CPU.Deploy.0 = Debug|Any CPU
		{28D067CB-5B92-41B9-B4F5-E05A731E4168}.Release|Any CPU.ActiveCfg = Release|Any CPU
		{28D067CB-5B92-41B9-B4F5-E05A731E4168}.Release|Any CPU.Build.0 = Release|Any CPU
		{28D067CB-5B92-41B9-B4F5-E05A731E4168}.Release|Any CPU.Deploy.0 = Release|Any CPU
	EndGlobalSection
	GlobalSection(SolutionProperties) = preSolution
		HideSolutionNode = FALSE
	EndGlobalSection
	GlobalSection(ExtensibilityGlobals) = postSolution
		SolutionGuid = {0D999381-0EAA-49C8-986A-A9CED254722F}
	EndGlobalSection
EndGlobal
